
Microsoft Visual Studio Solution File, Format Version 12.00
# Visual Studio Version 17
VisualStudioVersion = 17.11.35222.181
MinimumVisualStudioVersion = 10.0.40219.1
Project("{FAE04EC0-301F-11D3-BF4B-00C04F79EFBC}") = "RiddleRaiders", "RiddleRaiders.csproj", "{AADBDD13-D382-4D3E-B9D1-E9913AEBCF0A}"
EndProject
Global
	GlobalSection(SolutionConfigurationPlatforms) = preSolution
		Debug|Any CPU = Debug|Any CPU
		Release|Any CPU = Release|Any CPU
	EndGlobalSection
	GlobalSection(ProjectConfigurationPlatforms) = postSolution
		{AADBDD13-D382-4D3E-B9D1-E9913AEBCF0A}.Debug|Any CPU.ActiveCfg = Debug|Any CPU
		{AADBDD13-D382-4D3E-B9D1-E9913AEBCF0A}.Debug|Any CPU.Build.0 = Debug|Any CPU
		{AADBDD13-D382-4D3E-B9D1-E9913AEBCF0A}.Release|Any CPU.ActiveCfg = Release|Any CPU
		{AADBDD13-D382-4D3E-B9D1-E9913AEBCF0A}.Release|Any CPU.Build.0 = Release|Any CPU
	EndGlobalSection
	GlobalSection(SolutionProperties) = preSolution
		HideSolutionNode = FALSE
	EndGlobalSection
	GlobalSection(ExtensibilityGlobals) = postSolution
		SolutionGuid = {77954A2A-C4BA-4B3F-826C-C187FFDB59DD}
	EndGlobalSection
EndGlobal
